// !$*UTF8*$!
{
	archiveVersion = 1;
	classes = {
	};
	objectVersion = 56;
	objects = {

/* Begin PBXBuildFile section */
		267DD9CB2D211AF800F66CB8 /* Constants.swift in Sources */ = {isa = PBXBuildFile; fileRef = 267DD9B52D211AF800F66CB8 /* Constants.swift */; };
		267DD9CC2D211AF800F66CB8 /* UIButton+Extension.swift in Sources */ = {isa = PBXBuildFile; fileRef = 267DD9B62D211AF800F66CB8 /* UIButton+Extension.swift */; };
		267DD9CD2D211AF800F66CB8 /* UIColor+Extension.swift in Sources */ = {isa = PBXBuildFile; fileRef = 267DD9B72D211AF800F66CB8 /* UIColor+Extension.swift */; };
		267DD9CE2D211AF800F66CB8 /* UIView+Extension.swift in Sources */ = {isa = PBXBuildFile; fileRef = 267DD9B82D211AF800F66CB8 /* UIView+Extension.swift */; };
		267DD9CF2D211AF800F66CB8 /* Moneygraphy-Pixel.otf in Resources */ = {isa = PBXBuildFile; fileRef = 267DD9BA2D211AF800F66CB8 /* Moneygraphy-Pixel.otf */; };
		267DD9D02D211AF800F66CB8 /* Moneygraphy-Rounded.otf in Resources */ = {isa = PBXBuildFile; fileRef = 267DD9BB2D211AF800F66CB8 /* Moneygraphy-Rounded.otf */; };
		267DD9D12D211AF800F66CB8 /* CreateViewController.swift in Sources */ = {isa = PBXBuildFile; fileRef = 267DD9BD2D211AF800F66CB8 /* CreateViewController.swift */; };
		267DD9D22D211AF800F66CB8 /* DetailTableViewCell.swift in Sources */ = {isa = PBXBuildFile; fileRef = 267DD9BE2D211AF800F66CB8 /* DetailTableViewCell.swift */; };
		267DD9D32D211AF800F66CB8 /* DetailViewController.swift in Sources */ = {isa = PBXBuildFile; fileRef = 267DD9BF2D211AF800F66CB8 /* DetailViewController.swift */; };
		267DD9D42D211AF800F66CB8 /* MainViewController.swift in Sources */ = {isa = PBXBuildFile; fileRef = 267DD9C02D211AF800F66CB8 /* MainViewController.swift */; };
		267DD9D52D211AF800F66CB8 /* AppDelegate.swift in Sources */ = {isa = PBXBuildFile; fileRef = 267DD9C22D211AF800F66CB8 /* AppDelegate.swift */; };
		267DD9D62D211AF800F66CB8 /* Assets.xcassets in Resources */ = {isa = PBXBuildFile; fileRef = 267DD9C32D211AF800F66CB8 /* Assets.xcassets */; };
		267DD9D82D211AF800F66CB8 /* LaunchScreen.storyboard in Resources */ = {isa = PBXBuildFile; fileRef = 267DD9C62D211AF800F66CB8 /* LaunchScreen.storyboard */; };
		267DD9D92D211AF800F66CB8 /* Main.storyboard in Resources */ = {isa = PBXBuildFile; fileRef = 267DD9C82D211AF800F66CB8 /* Main.storyboard */; };
		267DD9DA2D211AF800F66CB8 /* SceneDelegate.swift in Sources */ = {isa = PBXBuildFile; fileRef = 267DD9C92D211AF800F66CB8 /* SceneDelegate.swift */; };
		267DD9F02D24405900F66CB8 /* CalendarViewController.swift in Sources */ = {isa = PBXBuildFile; fileRef = 267DD9EF2D24405900F66CB8 /* CalendarViewController.swift */; };
		267DD9F52D29108C00F66CB8 /* CalendarTableViewCell.swift in Sources */ = {isa = PBXBuildFile; fileRef = 267DD9F42D29108C00F66CB8 /* CalendarTableViewCell.swift */; };
		267DDA242D2AD23D00F66CB8 /* CALayer+Extension.swift in Sources */ = {isa = PBXBuildFile; fileRef = 267DDA232D2AD23D00F66CB8 /* CALayer+Extension.swift */; };
		267DDA262D2ADA1000F66CB8 /* UIFont+Extension.swift in Sources */ = {isa = PBXBuildFile; fileRef = 267DDA252D2ADA1000F66CB8 /* UIFont+Extension.swift */; };
		267DDA2A2D2FCEC000F66CB8 /* CreateCollectionViewCell.swift in Sources */ = {isa = PBXBuildFile; fileRef = 267DDA292D2FCEC000F66CB8 /* CreateCollectionViewCell.swift */; };
		267DDA322D300F9E00F66CB8 /* RealmDB.swift in Sources */ = {isa = PBXBuildFile; fileRef = 267DDA312D300F9E00F66CB8 /* RealmDB.swift */; };
		267DDA702D315C5700F66CB8 /* RxCocoa in Frameworks */ = {isa = PBXBuildFile; productRef = 267DDA6F2D315C5700F66CB8 /* RxCocoa */; };
		267DDA722D315C5700F66CB8 /* RxRelay in Frameworks */ = {isa = PBXBuildFile; productRef = 267DDA712D315C5700F66CB8 /* RxRelay */; };
		267DDA742D315C5700F66CB8 /* RxSwift in Frameworks */ = {isa = PBXBuildFile; productRef = 267DDA732D315C5700F66CB8 /* RxSwift */; };
		267DDA832D31757100F66CB8 /* Coordinator.swift in Sources */ = {isa = PBXBuildFile; fileRef = 267DDA822D31757100F66CB8 /* Coordinator.swift */; };
		267DDAB22D32797B00F66CB8 /* MainCoordinator.swift in Sources */ = {isa = PBXBuildFile; fileRef = 267DDAB12D32797B00F66CB8 /* MainCoordinator.swift */; };
		267DDAB42D32798600F66CB8 /* DetailCoordinator.swift in Sources */ = {isa = PBXBuildFile; fileRef = 267DDAB32D32798600F66CB8 /* DetailCoordinator.swift */; };
		267DDAB62D327A9D00F66CB8 /* AppCoordinator.swift in Sources */ = {isa = PBXBuildFile; fileRef = 267DDAB52D327A9D00F66CB8 /* AppCoordinator.swift */; };
		267DDAB82D338ED100F66CB8 /* CalendarCoordinator.swift in Sources */ = {isa = PBXBuildFile; fileRef = 267DDAB72D338ED100F66CB8 /* CalendarCoordinator.swift */; };
		267DDABA2D3391A500F66CB8 /* CreateCoordinator.swift in Sources */ = {isa = PBXBuildFile; fileRef = 267DDAB92D3391A500F66CB8 /* CreateCoordinator.swift */; };
		267DDABD2D33C7C900F66CB8 /* MainViewModel.swift in Sources */ = {isa = PBXBuildFile; fileRef = 267DDABC2D33C7C900F66CB8 /* MainViewModel.swift */; };
		267DDAC42D33C92700F66CB8 /* DetailViewModel.swift in Sources */ = {isa = PBXBuildFile; fileRef = 267DDAC32D33C92700F66CB8 /* DetailViewModel.swift */; };
		267DDAC62D33C93200F66CB8 /* CreateViewModel.swift in Sources */ = {isa = PBXBuildFile; fileRef = 267DDAC52D33C93200F66CB8 /* CreateViewModel.swift */; };
		267DDAC82D33C93A00F66CB8 /* CalendarViewModel.swift in Sources */ = {isa = PBXBuildFile; fileRef = 267DDAC72D33C93A00F66CB8 /* CalendarViewModel.swift */; };
		267DDAF72D3564E300F66CB8 /* Entity.swift in Sources */ = {isa = PBXBuildFile; fileRef = 267DDAF62D3564E300F66CB8 /* Entity.swift */; };
		267DDAF92D37EE6A00F66CB8 /* RepositoryInterFace.swift in Sources */ = {isa = PBXBuildFile; fileRef = 267DDAF82D37EE6A00F66CB8 /* RepositoryInterFace.swift */; };
		267DDAFB2D37EE8200F66CB8 /* DataRepository.swift in Sources */ = {isa = PBXBuildFile; fileRef = 267DDAFA2D37EE8200F66CB8 /* DataRepository.swift */; };
		267DDB102D3A927600F66CB8 /* MockDataRepository.swift in Sources */ = {isa = PBXBuildFile; fileRef = 267DDB0F2D3A927600F66CB8 /* MockDataRepository.swift */; };
		267DDB122D3B694A00F66CB8 /* Date+Extension.swift in Sources */ = {isa = PBXBuildFile; fileRef = 267DDB112D3B694A00F66CB8 /* Date+Extension.swift */; };
		267DDB142D3B751100F66CB8 /* Int+Extension.swift in Sources */ = {isa = PBXBuildFile; fileRef = 267DDB132D3B751100F66CB8 /* Int+Extension.swift */; };
		267DDB172D3BC09C00F66CB8 /* RxDataSources in Frameworks */ = {isa = PBXBuildFile; productRef = 267DDB162D3BC09C00F66CB8 /* RxDataSources */; };
		267DDB192D3BC0B600F66CB8 /* Differentiator in Frameworks */ = {isa = PBXBuildFile; productRef = 267DDB182D3BC0B600F66CB8 /* Differentiator */; };
		267DDB1C2D3BC3AD00F66CB8 /* YearMonthDay.swift in Sources */ = {isa = PBXBuildFile; fileRef = 267DDB1B2D3BC3AD00F66CB8 /* YearMonthDay.swift */; };
		267DDB1E2D3BC3D600F66CB8 /* SectionModel.swift in Sources */ = {isa = PBXBuildFile; fileRef = 267DDB1D2D3BC3D600F66CB8 /* SectionModel.swift */; };
		267DDB282D3FBB6900F66CB8 /* FSCalendar in Frameworks */ = {isa = PBXBuildFile; productRef = 267DDB272D3FBB6900F66CB8 /* FSCalendar */; };
		267DDB2A2D3FC59700F66CB8 /* Reactive+Extension.swift in Sources */ = {isa = PBXBuildFile; fileRef = 267DDB292D3FC59700F66CB8 /* Reactive+Extension.swift */; };
		267DDB392D44F3F800F66CB8 /* GraphViewModel.swift in Sources */ = {isa = PBXBuildFile; fileRef = 267DDB382D44F3F800F66CB8 /* GraphViewModel.swift */; };
		267DDB3D2D44FFB400F66CB8 /* GraphViewController.swift in Sources */ = {isa = PBXBuildFile; fileRef = 267DDB3C2D44FFB400F66CB8 /* GraphViewController.swift */; };
		267DDB3F2D44FFE100F66CB8 /* GraphCoordinator.swift in Sources */ = {isa = PBXBuildFile; fileRef = 267DDB3E2D44FFE100F66CB8 /* GraphCoordinator.swift */; };
		267DDB452D48AA7A00F66CB8 /* Realm in Frameworks */ = {isa = PBXBuildFile; productRef = 267DDB442D48AA7A00F66CB8 /* Realm */; };
		267DDB472D48AA7A00F66CB8 /* RealmSwift in Frameworks */ = {isa = PBXBuildFile; productRef = 267DDB462D48AA7A00F66CB8 /* RealmSwift */; };
		267DDB4E2D4E78E500F66CB8 /* CreateCellIcon.swift in Sources */ = {isa = PBXBuildFile; fileRef = 267DDB4D2D4E78E500F66CB8 /* CreateCellIcon.swift */; };
		267DDB712D7595AE00F66CB8 /* CreateError.swift in Sources */ = {isa = PBXBuildFile; fileRef = 267DDB702D7595AE00F66CB8 /* CreateError.swift */; };
		267DDB742D75ABBD00F66CB8 /* ToastMessage.swift in Sources */ = {isa = PBXBuildFile; fileRef = 267DDB732D75ABBD00F66CB8 /* ToastMessage.swift */; };
		267DDB762D75CBE500F66CB8 /* String+Extension.swift in Sources */ = {isa = PBXBuildFile; fileRef = 267DDB752D75CBE500F66CB8 /* String+Extension.swift */; };
		267DDB792D76854F00F66CB8 /* DGCharts in Frameworks */ = {isa = PBXBuildFile; productRef = 267DDB782D76854F00F66CB8 /* DGCharts */; };
		267DDBAD2D76FE0B00F66CB8 /* TypeButtonCVCell.swift in Sources */ = {isa = PBXBuildFile; fileRef = 267DDBAC2D76FE0B00F66CB8 /* TypeButtonCVCell.swift */; };
/* End PBXBuildFile section */

/* Begin PBXFileReference section */
		262F9AA12D09B75500AA7EA2 /* MMM_SideProject.app */ = {isa = PBXFileReference; explicitFileType = wrapper.application; includeInIndex = 0; path = MMM_SideProject.app; sourceTree = BUILT_PRODUCTS_DIR; };
		267DD9B52D211AF800F66CB8 /* Constants.swift */ = {isa = PBXFileReference; fileEncoding = 4; lastKnownFileType = sourcecode.swift; path = Constants.swift; sourceTree = "<group>"; };
		267DD9B62D211AF800F66CB8 /* UIButton+Extension.swift */ = {isa = PBXFileReference; fileEncoding = 4; lastKnownFileType = sourcecode.swift; path = "UIButton+Extension.swift"; sourceTree = "<group>"; };
		267DD9B72D211AF800F66CB8 /* UIColor+Extension.swift */ = {isa = PBXFileReference; fileEncoding = 4; lastKnownFileType = sourcecode.swift; path = "UIColor+Extension.swift"; sourceTree = "<group>"; };
		267DD9B82D211AF800F66CB8 /* UIView+Extension.swift */ = {isa = PBXFileReference; fileEncoding = 4; lastKnownFileType = sourcecode.swift; path = "UIView+Extension.swift"; sourceTree = "<group>"; };
		267DD9BA2D211AF800F66CB8 /* Moneygraphy-Pixel.otf */ = {isa = PBXFileReference; lastKnownFileType = file; path = "Moneygraphy-Pixel.otf"; sourceTree = "<group>"; };
		267DD9BB2D211AF800F66CB8 /* Moneygraphy-Rounded.otf */ = {isa = PBXFileReference; lastKnownFileType = file; path = "Moneygraphy-Rounded.otf"; sourceTree = "<group>"; };
		267DD9BD2D211AF800F66CB8 /* CreateViewController.swift */ = {isa = PBXFileReference; fileEncoding = 4; lastKnownFileType = sourcecode.swift; path = CreateViewController.swift; sourceTree = "<group>"; };
		267DD9BE2D211AF800F66CB8 /* DetailTableViewCell.swift */ = {isa = PBXFileReference; fileEncoding = 4; lastKnownFileType = sourcecode.swift; path = DetailTableViewCell.swift; sourceTree = "<group>"; };
		267DD9BF2D211AF800F66CB8 /* DetailViewController.swift */ = {isa = PBXFileReference; fileEncoding = 4; lastKnownFileType = sourcecode.swift; path = DetailViewController.swift; sourceTree = "<group>"; };
		267DD9C02D211AF800F66CB8 /* MainViewController.swift */ = {isa = PBXFileReference; fileEncoding = 4; lastKnownFileType = sourcecode.swift; path = MainViewController.swift; sourceTree = "<group>"; };
		267DD9C22D211AF800F66CB8 /* AppDelegate.swift */ = {isa = PBXFileReference; fileEncoding = 4; lastKnownFileType = sourcecode.swift; path = AppDelegate.swift; sourceTree = "<group>"; };
		267DD9C32D211AF800F66CB8 /* Assets.xcassets */ = {isa = PBXFileReference; lastKnownFileType = folder.assetcatalog; path = Assets.xcassets; sourceTree = "<group>"; };
		267DD9C42D211AF800F66CB8 /* Info.plist */ = {isa = PBXFileReference; fileEncoding = 4; lastKnownFileType = text.plist.xml; path = Info.plist; sourceTree = "<group>"; };
		267DD9C52D211AF800F66CB8 /* Base */ = {isa = PBXFileReference; lastKnownFileType = file.storyboard; name = Base; path = Base.lproj/LaunchScreen.storyboard; sourceTree = "<group>"; };
		267DD9C72D211AF800F66CB8 /* Base */ = {isa = PBXFileReference; lastKnownFileType = file.storyboard; name = Base; path = Base.lproj/Main.storyboard; sourceTree = "<group>"; };
		267DD9C92D211AF800F66CB8 /* SceneDelegate.swift */ = {isa = PBXFileReference; fileEncoding = 4; lastKnownFileType = sourcecode.swift; path = SceneDelegate.swift; sourceTree = "<group>"; };
		267DD9EF2D24405900F66CB8 /* CalendarViewController.swift */ = {isa = PBXFileReference; lastKnownFileType = sourcecode.swift; path = CalendarViewController.swift; sourceTree = "<group>"; };
		267DD9F42D29108C00F66CB8 /* CalendarTableViewCell.swift */ = {isa = PBXFileReference; lastKnownFileType = sourcecode.swift; path = CalendarTableViewCell.swift; sourceTree = "<group>"; };
		267DDA232D2AD23D00F66CB8 /* CALayer+Extension.swift */ = {isa = PBXFileReference; lastKnownFileType = sourcecode.swift; path = "CALayer+Extension.swift"; sourceTree = "<group>"; };
		267DDA252D2ADA1000F66CB8 /* UIFont+Extension.swift */ = {isa = PBXFileReference; lastKnownFileType = sourcecode.swift; path = "UIFont+Extension.swift"; sourceTree = "<group>"; };
		267DDA292D2FCEC000F66CB8 /* CreateCollectionViewCell.swift */ = {isa = PBXFileReference; lastKnownFileType = sourcecode.swift; path = CreateCollectionViewCell.swift; sourceTree = "<group>"; };
		267DDA312D300F9E00F66CB8 /* RealmDB.swift */ = {isa = PBXFileReference; lastKnownFileType = sourcecode.swift; path = RealmDB.swift; sourceTree = "<group>"; };
		267DDA822D31757100F66CB8 /* Coordinator.swift */ = {isa = PBXFileReference; lastKnownFileType = sourcecode.swift; path = Coordinator.swift; sourceTree = "<group>"; };
		267DDAB12D32797B00F66CB8 /* MainCoordinator.swift */ = {isa = PBXFileReference; lastKnownFileType = sourcecode.swift; path = MainCoordinator.swift; sourceTree = "<group>"; };
		267DDAB32D32798600F66CB8 /* DetailCoordinator.swift */ = {isa = PBXFileReference; lastKnownFileType = sourcecode.swift; path = DetailCoordinator.swift; sourceTree = "<group>"; };
		267DDAB52D327A9D00F66CB8 /* AppCoordinator.swift */ = {isa = PBXFileReference; lastKnownFileType = sourcecode.swift; path = AppCoordinator.swift; sourceTree = "<group>"; };
		267DDAB72D338ED100F66CB8 /* CalendarCoordinator.swift */ = {isa = PBXFileReference; lastKnownFileType = sourcecode.swift; path = CalendarCoordinator.swift; sourceTree = "<group>"; };
		267DDAB92D3391A500F66CB8 /* CreateCoordinator.swift */ = {isa = PBXFileReference; lastKnownFileType = sourcecode.swift; path = CreateCoordinator.swift; sourceTree = "<group>"; };
		267DDABC2D33C7C900F66CB8 /* MainViewModel.swift */ = {isa = PBXFileReference; lastKnownFileType = sourcecode.swift; path = MainViewModel.swift; sourceTree = "<group>"; };
		267DDAC32D33C92700F66CB8 /* DetailViewModel.swift */ = {isa = PBXFileReference; lastKnownFileType = sourcecode.swift; path = DetailViewModel.swift; sourceTree = "<group>"; };
		267DDAC52D33C93200F66CB8 /* CreateViewModel.swift */ = {isa = PBXFileReference; lastKnownFileType = sourcecode.swift; path = CreateViewModel.swift; sourceTree = "<group>"; };
		267DDAC72D33C93A00F66CB8 /* CalendarViewModel.swift */ = {isa = PBXFileReference; lastKnownFileType = sourcecode.swift; path = CalendarViewModel.swift; sourceTree = "<group>"; };
		267DDAF62D3564E300F66CB8 /* Entity.swift */ = {isa = PBXFileReference; lastKnownFileType = sourcecode.swift; path = Entity.swift; sourceTree = "<group>"; };
		267DDAF82D37EE6A00F66CB8 /* RepositoryInterFace.swift */ = {isa = PBXFileReference; lastKnownFileType = sourcecode.swift; path = RepositoryInterFace.swift; sourceTree = "<group>"; };
		267DDAFA2D37EE8200F66CB8 /* DataRepository.swift */ = {isa = PBXFileReference; lastKnownFileType = sourcecode.swift; path = DataRepository.swift; sourceTree = "<group>"; };
		267DDB0F2D3A927600F66CB8 /* MockDataRepository.swift */ = {isa = PBXFileReference; lastKnownFileType = sourcecode.swift; path = MockDataRepository.swift; sourceTree = "<group>"; };
		267DDB112D3B694A00F66CB8 /* Date+Extension.swift */ = {isa = PBXFileReference; lastKnownFileType = sourcecode.swift; path = "Date+Extension.swift"; sourceTree = "<group>"; };
		267DDB132D3B751100F66CB8 /* Int+Extension.swift */ = {isa = PBXFileReference; lastKnownFileType = sourcecode.swift; path = "Int+Extension.swift"; sourceTree = "<group>"; };
		267DDB1B2D3BC3AD00F66CB8 /* YearMonthDay.swift */ = {isa = PBXFileReference; lastKnownFileType = sourcecode.swift; path = YearMonthDay.swift; sourceTree = "<group>"; };
		267DDB1D2D3BC3D600F66CB8 /* SectionModel.swift */ = {isa = PBXFileReference; lastKnownFileType = sourcecode.swift; path = SectionModel.swift; sourceTree = "<group>"; };
		267DDB292D3FC59700F66CB8 /* Reactive+Extension.swift */ = {isa = PBXFileReference; lastKnownFileType = sourcecode.swift; path = "Reactive+Extension.swift"; sourceTree = "<group>"; };
		267DDB382D44F3F800F66CB8 /* GraphViewModel.swift */ = {isa = PBXFileReference; lastKnownFileType = sourcecode.swift; path = GraphViewModel.swift; sourceTree = "<group>"; };
		267DDB3C2D44FFB400F66CB8 /* GraphViewController.swift */ = {isa = PBXFileReference; lastKnownFileType = sourcecode.swift; path = GraphViewController.swift; sourceTree = "<group>"; };
		267DDB3E2D44FFE100F66CB8 /* GraphCoordinator.swift */ = {isa = PBXFileReference; lastKnownFileType = sourcecode.swift; path = GraphCoordinator.swift; sourceTree = "<group>"; };
		267DDB4D2D4E78E500F66CB8 /* CreateCellIcon.swift */ = {isa = PBXFileReference; lastKnownFileType = sourcecode.swift; path = CreateCellIcon.swift; sourceTree = "<group>"; };
		267DDB702D7595AE00F66CB8 /* CreateError.swift */ = {isa = PBXFileReference; lastKnownFileType = sourcecode.swift; path = CreateError.swift; sourceTree = "<group>"; };
		267DDB732D75ABBD00F66CB8 /* ToastMessage.swift */ = {isa = PBXFileReference; lastKnownFileType = sourcecode.swift; path = ToastMessage.swift; sourceTree = "<group>"; };
		267DDB752D75CBE500F66CB8 /* String+Extension.swift */ = {isa = PBXFileReference; lastKnownFileType = sourcecode.swift; path = "String+Extension.swift"; sourceTree = "<group>"; };
		267DDBAC2D76FE0B00F66CB8 /* TypeButtonCVCell.swift */ = {isa = PBXFileReference; lastKnownFileType = sourcecode.swift; path = TypeButtonCVCell.swift; sourceTree = "<group>"; };
/* End PBXFileReference section */

/* Begin PBXFrameworksBuildPhase section */
		262F9A9E2D09B75500AA7EA2 /* Frameworks */ = {
			isa = PBXFrameworksBuildPhase;
			buildActionMask = 2147483647;
			files = (
				267DDB472D48AA7A00F66CB8 /* RealmSwift in Frameworks */,
				267DDB452D48AA7A00F66CB8 /* Realm in Frameworks */,
				267DDA742D315C5700F66CB8 /* RxSwift in Frameworks */,
				267DDA722D315C5700F66CB8 /* RxRelay in Frameworks */,
				267DDB192D3BC0B600F66CB8 /* Differentiator in Frameworks */,
				267DDB282D3FBB6900F66CB8 /* FSCalendar in Frameworks */,
				267DDB172D3BC09C00F66CB8 /* RxDataSources in Frameworks */,
				267DDB792D76854F00F66CB8 /* DGCharts in Frameworks */,
				267DDA702D315C5700F66CB8 /* RxCocoa in Frameworks */,
			);
			runOnlyForDeploymentPostprocessing = 0;
		};
/* End PBXFrameworksBuildPhase section */

/* Begin PBXGroup section */
		262F9A982D09B75500AA7EA2 = {
			isa = PBXGroup;
			children = (
				267DD9CA2D211AF800F66CB8 /* MMM_SideProject */,
				262F9AA22D09B75500AA7EA2 /* Products */,
				267DD9DB2D211B5B00F66CB8 /* Frameworks */,
			);
			sourceTree = "<group>";
		};
		262F9AA22D09B75500AA7EA2 /* Products */ = {
			isa = PBXGroup;
			children = (
				262F9AA12D09B75500AA7EA2 /* MMM_SideProject.app */,
			);
			name = Products;
			sourceTree = "<group>";
		};
		267DD9B92D211AF800F66CB8 /* Constants */ = {
			isa = PBXGroup;
			children = (
				267DD9B52D211AF800F66CB8 /* Constants.swift */,
				267DD9B62D211AF800F66CB8 /* UIButton+Extension.swift */,
				267DD9B72D211AF800F66CB8 /* UIColor+Extension.swift */,
				267DD9B82D211AF800F66CB8 /* UIView+Extension.swift */,
				267DDA232D2AD23D00F66CB8 /* CALayer+Extension.swift */,
				267DDA252D2ADA1000F66CB8 /* UIFont+Extension.swift */,
				267DDB112D3B694A00F66CB8 /* Date+Extension.swift */,
				267DDB132D3B751100F66CB8 /* Int+Extension.swift */,
				267DDB292D3FC59700F66CB8 /* Reactive+Extension.swift */,
				267DDB752D75CBE500F66CB8 /* String+Extension.swift */,
			);
			path = Constants;
			sourceTree = "<group>";
		};
		267DD9BC2D211AF800F66CB8 /* Font */ = {
			isa = PBXGroup;
			children = (
				267DD9BA2D211AF800F66CB8 /* Moneygraphy-Pixel.otf */,
				267DD9BB2D211AF800F66CB8 /* Moneygraphy-Rounded.otf */,
			);
			path = Font;
			sourceTree = "<group>";
		};
		267DD9C12D211AF800F66CB8 /* Presentation */ = {
			isa = PBXGroup;
			children = (
				267DDB2F2D44F38800F66CB8 /* Graph */,
				267DDABF2D33C86200F66CB8 /* Main */,
				267DDAC02D33C87300F66CB8 /* Detail */,
				267DDABE2D33C84F00F66CB8 /* Create */,
				267DDAC12D33C88B00F66CB8 /* Calendar */,
				267DD9EE2D226C1600F66CB8 /* CellView */,
			);
			path = Presentation;
			sourceTree = "<group>";
		};
		267DD9CA2D211AF800F66CB8 /* MMM_SideProject */ = {
			isa = PBXGroup;
			children = (
				267DD9C22D211AF800F66CB8 /* AppDelegate.swift */,
				267DD9C92D211AF800F66CB8 /* SceneDelegate.swift */,
				267DD9C82D211AF800F66CB8 /* Main.storyboard */,
				267DD9C62D211AF800F66CB8 /* LaunchScreen.storyboard */,
				267DDA302D300F9100F66CB8 /* DataBase */,
				267DDA812D31756100F66CB8 /* Coordinator */,
				267DD9C12D211AF800F66CB8 /* Presentation */,
				267DDAC92D33C94700F66CB8 /* Domain */,
				267DD9B92D211AF800F66CB8 /* Constants */,
				267DDB1A2D3BC38D00F66CB8 /* Struct */,
				267DDB722D75ABA700F66CB8 /* SingleTon */,
				267DDB6F2D75959400F66CB8 /* Error */,
				267DD9BC2D211AF800F66CB8 /* Font */,
				267DDAC22D33C8CF00F66CB8 /* Assets */,
				267DD9C42D211AF800F66CB8 /* Info.plist */,
			);
			path = MMM_SideProject;
			sourceTree = "<group>";
		};
		267DD9DB2D211B5B00F66CB8 /* Frameworks */ = {
			isa = PBXGroup;
			children = (
			);
			name = Frameworks;
			sourceTree = "<group>";
		};
		267DD9EE2D226C1600F66CB8 /* CellView */ = {
			isa = PBXGroup;
			children = (
				267DD9BE2D211AF800F66CB8 /* DetailTableViewCell.swift */,
				267DD9F42D29108C00F66CB8 /* CalendarTableViewCell.swift */,
				267DDA292D2FCEC000F66CB8 /* CreateCollectionViewCell.swift */,
				267DDBAC2D76FE0B00F66CB8 /* TypeButtonCVCell.swift */,
			);
			path = CellView;
			sourceTree = "<group>";
		};
		267DDA302D300F9100F66CB8 /* DataBase */ = {
			isa = PBXGroup;
			children = (
				267DDA312D300F9E00F66CB8 /* RealmDB.swift */,
			);
			path = DataBase;
			sourceTree = "<group>";
		};
		267DDA812D31756100F66CB8 /* Coordinator */ = {
			isa = PBXGroup;
			children = (
				267DDA822D31757100F66CB8 /* Coordinator.swift */,
				267DDAB52D327A9D00F66CB8 /* AppCoordinator.swift */,
			);
			path = Coordinator;
			sourceTree = "<group>";
		};
		267DDABE2D33C84F00F66CB8 /* Create */ = {
			isa = PBXGroup;
			children = (
				267DD9BD2D211AF800F66CB8 /* CreateViewController.swift */,
				267DDAC52D33C93200F66CB8 /* CreateViewModel.swift */,
				267DDAB92D3391A500F66CB8 /* CreateCoordinator.swift */,
			);
			path = Create;
			sourceTree = "<group>";
		};
		267DDABF2D33C86200F66CB8 /* Main */ = {
			isa = PBXGroup;
			children = (
				267DD9C02D211AF800F66CB8 /* MainViewController.swift */,
				267DDABC2D33C7C900F66CB8 /* MainViewModel.swift */,
				267DDAB12D32797B00F66CB8 /* MainCoordinator.swift */,
			);
			path = Main;
			sourceTree = "<group>";
		};
		267DDAC02D33C87300F66CB8 /* Detail */ = {
			isa = PBXGroup;
			children = (
				267DD9BF2D211AF800F66CB8 /* DetailViewController.swift */,
				267DDAC32D33C92700F66CB8 /* DetailViewModel.swift */,
				267DDAB32D32798600F66CB8 /* DetailCoordinator.swift */,
			);
			path = Detail;
			sourceTree = "<group>";
		};
		267DDAC12D33C88B00F66CB8 /* Calendar */ = {
			isa = PBXGroup;
			children = (
				267DD9EF2D24405900F66CB8 /* CalendarViewController.swift */,
				267DDAC72D33C93A00F66CB8 /* CalendarViewModel.swift */,
				267DDAB72D338ED100F66CB8 /* CalendarCoordinator.swift */,
			);
			path = Calendar;
			sourceTree = "<group>";
		};
		267DDAC22D33C8CF00F66CB8 /* Assets */ = {
			isa = PBXGroup;
			children = (
				267DD9C32D211AF800F66CB8 /* Assets.xcassets */,
			);
			path = Assets;
			sourceTree = "<group>";
		};
		267DDAC92D33C94700F66CB8 /* Domain */ = {
			isa = PBXGroup;
			children = (
				267DDAF62D3564E300F66CB8 /* Entity.swift */,
				267DDAF82D37EE6A00F66CB8 /* RepositoryInterFace.swift */,
				267DDAFA2D37EE8200F66CB8 /* DataRepository.swift */,
				267DDB0F2D3A927600F66CB8 /* MockDataRepository.swift */,
			);
			path = Domain;
			sourceTree = "<group>";
		};
		267DDB1A2D3BC38D00F66CB8 /* Struct */ = {
			isa = PBXGroup;
			children = (
				267DDB1B2D3BC3AD00F66CB8 /* YearMonthDay.swift */,
				267DDB1D2D3BC3D600F66CB8 /* SectionModel.swift */,
				267DDB4D2D4E78E500F66CB8 /* CreateCellIcon.swift */,
			);
			path = Struct;
			sourceTree = "<group>";
		};
		267DDB2F2D44F38800F66CB8 /* Graph */ = {
			isa = PBXGroup;
			children = (
				267DDB3C2D44FFB400F66CB8 /* GraphViewController.swift */,
				267DDB382D44F3F800F66CB8 /* GraphViewModel.swift */,
				267DDB3E2D44FFE100F66CB8 /* GraphCoordinator.swift */,
			);
			path = Graph;
			sourceTree = "<group>";
		};
		267DDB6F2D75959400F66CB8 /* Error */ = {
			isa = PBXGroup;
			children = (
				267DDB702D7595AE00F66CB8 /* CreateError.swift */,
			);
			path = Error;
			sourceTree = "<group>";
		};
		267DDB722D75ABA700F66CB8 /* SingleTon */ = {
			isa = PBXGroup;
			children = (
				267DDB732D75ABBD00F66CB8 /* ToastMessage.swift */,
			);
			path = SingleTon;
			sourceTree = "<group>";
		};
/* End PBXGroup section */

/* Begin PBXNativeTarget section */
		262F9AA02D09B75500AA7EA2 /* MMM_SideProject */ = {
			isa = PBXNativeTarget;
			buildConfigurationList = 262F9AB52D09B75700AA7EA2 /* Build configuration list for PBXNativeTarget "MMM_SideProject" */;
			buildPhases = (
				262F9A9D2D09B75500AA7EA2 /* Sources */,
				262F9A9E2D09B75500AA7EA2 /* Frameworks */,
				262F9A9F2D09B75500AA7EA2 /* Resources */,
			);
			buildRules = (
			);
			dependencies = (
			);
			name = MMM_SideProject;
			packageProductDependencies = (
				267DDA6F2D315C5700F66CB8 /* RxCocoa */,
				267DDA712D315C5700F66CB8 /* RxRelay */,
				267DDA732D315C5700F66CB8 /* RxSwift */,
				267DDB162D3BC09C00F66CB8 /* RxDataSources */,
				267DDB182D3BC0B600F66CB8 /* Differentiator */,
				267DDB272D3FBB6900F66CB8 /* FSCalendar */,
				267DDB442D48AA7A00F66CB8 /* Realm */,
				267DDB462D48AA7A00F66CB8 /* RealmSwift */,
				267DDB782D76854F00F66CB8 /* DGCharts */,
			);
			productName = MMM_SideProject;
			productReference = 262F9AA12D09B75500AA7EA2 /* MMM_SideProject.app */;
			productType = "com.apple.product-type.application";
		};
/* End PBXNativeTarget section */

/* Begin PBXProject section */
		262F9A992D09B75500AA7EA2 /* Project object */ = {
			isa = PBXProject;
			attributes = {
				BuildIndependentTargetsInParallel = 1;
				LastSwiftUpdateCheck = 1540;
				LastUpgradeCheck = 1540;
				TargetAttributes = {
					262F9AA02D09B75500AA7EA2 = {
						CreatedOnToolsVersion = 15.4;
					};
				};
			};
			buildConfigurationList = 262F9A9C2D09B75500AA7EA2 /* Build configuration list for PBXProject "MMM_SideProject" */;
			compatibilityVersion = "Xcode 14.0";
			developmentRegion = en;
			hasScannedForEncodings = 0;
			knownRegions = (
				en,
				Base,
			);
			mainGroup = 262F9A982D09B75500AA7EA2;
			packageReferences = (
				267DDA6E2D315C5700F66CB8 /* XCRemoteSwiftPackageReference "RxSwift" */,
				267DDA7A2D315C6B00F66CB8 /* XCRemoteSwiftPackageReference "realm-swift" */,
				267DDB152D3BC09C00F66CB8 /* XCRemoteSwiftPackageReference "RxDataSources" */,
				267DDB242D3FBB5B00F66CB8 /* XCRemoteSwiftPackageReference "FSCalendar" */,
				267DDB772D76854F00F66CB8 /* XCRemoteSwiftPackageReference "Charts" */,
			);
			productRefGroup = 262F9AA22D09B75500AA7EA2 /* Products */;
			projectDirPath = "";
			projectRoot = "";
			targets = (
				262F9AA02D09B75500AA7EA2 /* MMM_SideProject */,
			);
		};
/* End PBXProject section */

/* Begin PBXResourcesBuildPhase section */
		262F9A9F2D09B75500AA7EA2 /* Resources */ = {
			isa = PBXResourcesBuildPhase;
			buildActionMask = 2147483647;
			files = (
				267DD9CF2D211AF800F66CB8 /* Moneygraphy-Pixel.otf in Resources */,
				267DD9D62D211AF800F66CB8 /* Assets.xcassets in Resources */,
				267DD9D92D211AF800F66CB8 /* Main.storyboard in Resources */,
				267DD9D82D211AF800F66CB8 /* LaunchScreen.storyboard in Resources */,
				267DD9D02D211AF800F66CB8 /* Moneygraphy-Rounded.otf in Resources */,
			);
			runOnlyForDeploymentPostprocessing = 0;
		};
/* End PBXResourcesBuildPhase section */

/* Begin PBXSourcesBuildPhase section */
		262F9A9D2D09B75500AA7EA2 /* Sources */ = {
			isa = PBXSourcesBuildPhase;
			buildActionMask = 2147483647;
			files = (
				267DDA262D2ADA1000F66CB8 /* UIFont+Extension.swift in Sources */,
				267DDABA2D3391A500F66CB8 /* CreateCoordinator.swift in Sources */,
				267DD9F02D24405900F66CB8 /* CalendarViewController.swift in Sources */,
				267DD9D22D211AF800F66CB8 /* DetailTableViewCell.swift in Sources */,
				267DDAC62D33C93200F66CB8 /* CreateViewModel.swift in Sources */,
				267DD9D12D211AF800F66CB8 /* CreateViewController.swift in Sources */,
				267DDA2A2D2FCEC000F66CB8 /* CreateCollectionViewCell.swift in Sources */,
				267DDB102D3A927600F66CB8 /* MockDataRepository.swift in Sources */,
				267DDBAD2D76FE0B00F66CB8 /* TypeButtonCVCell.swift in Sources */,
				267DDAB62D327A9D00F66CB8 /* AppCoordinator.swift in Sources */,
				267DDB3F2D44FFE100F66CB8 /* GraphCoordinator.swift in Sources */,
				267DD9CD2D211AF800F66CB8 /* UIColor+Extension.swift in Sources */,
				267DD9D52D211AF800F66CB8 /* AppDelegate.swift in Sources */,
				267DDB762D75CBE500F66CB8 /* String+Extension.swift in Sources */,
				267DDA832D31757100F66CB8 /* Coordinator.swift in Sources */,
				267DD9F52D29108C00F66CB8 /* CalendarTableViewCell.swift in Sources */,
				267DD9CB2D211AF800F66CB8 /* Constants.swift in Sources */,
				267DDAC42D33C92700F66CB8 /* DetailViewModel.swift in Sources */,
				267DDAF92D37EE6A00F66CB8 /* RepositoryInterFace.swift in Sources */,
				267DD9DA2D211AF800F66CB8 /* SceneDelegate.swift in Sources */,
				267DDAF72D3564E300F66CB8 /* Entity.swift in Sources */,
				267DDB1C2D3BC3AD00F66CB8 /* YearMonthDay.swift in Sources */,
				267DD9CE2D211AF800F66CB8 /* UIView+Extension.swift in Sources */,
				267DDB4E2D4E78E500F66CB8 /* CreateCellIcon.swift in Sources */,
				267DDB742D75ABBD00F66CB8 /* ToastMessage.swift in Sources */,
				267DDAB42D32798600F66CB8 /* DetailCoordinator.swift in Sources */,
				267DDB2A2D3FC59700F66CB8 /* Reactive+Extension.swift in Sources */,
				267DDB122D3B694A00F66CB8 /* Date+Extension.swift in Sources */,
				267DD9CC2D211AF800F66CB8 /* UIButton+Extension.swift in Sources */,
				267DDB392D44F3F800F66CB8 /* GraphViewModel.swift in Sources */,
				267DDB712D7595AE00F66CB8 /* CreateError.swift in Sources */,
				267DDAFB2D37EE8200F66CB8 /* DataRepository.swift in Sources */,
				267DDAB22D32797B00F66CB8 /* MainCoordinator.swift in Sources */,
				267DD9D32D211AF800F66CB8 /* DetailViewController.swift in Sources */,
				267DDAB82D338ED100F66CB8 /* CalendarCoordinator.swift in Sources */,
				267DDB142D3B751100F66CB8 /* Int+Extension.swift in Sources */,
				267DD9D42D211AF800F66CB8 /* MainViewController.swift in Sources */,
				267DDA242D2AD23D00F66CB8 /* CALayer+Extension.swift in Sources */,
				267DDAC82D33C93A00F66CB8 /* CalendarViewModel.swift in Sources */,
				267DDA322D300F9E00F66CB8 /* RealmDB.swift in Sources */,
				267DDB3D2D44FFB400F66CB8 /* GraphViewController.swift in Sources */,
				267DDB1E2D3BC3D600F66CB8 /* SectionModel.swift in Sources */,
				267DDABD2D33C7C900F66CB8 /* MainViewModel.swift in Sources */,
			);
			runOnlyForDeploymentPostprocessing = 0;
		};
/* End PBXSourcesBuildPhase section */

/* Begin PBXVariantGroup section */
		267DD9C62D211AF800F66CB8 /* LaunchScreen.storyboard */ = {
			isa = PBXVariantGroup;
			children = (
				267DD9C52D211AF800F66CB8 /* Base */,
			);
			name = LaunchScreen.storyboard;
			sourceTree = "<group>";
		};
		267DD9C82D211AF800F66CB8 /* Main.storyboard */ = {
			isa = PBXVariantGroup;
			children = (
				267DD9C72D211AF800F66CB8 /* Base */,
			);
			name = Main.storyboard;
			sourceTree = "<group>";
		};
/* End PBXVariantGroup section */

/* Begin XCBuildConfiguration section */
		262F9AB32D09B75700AA7EA2 /* Debug */ = {
			isa = XCBuildConfiguration;
			buildSettings = {
				ALWAYS_SEARCH_USER_PATHS = NO;
				ASSETCATALOG_COMPILER_GENERATE_SWIFT_ASSET_SYMBOL_EXTENSIONS = YES;
				CLANG_ANALYZER_NONNULL = YES;
				CLANG_ANALYZER_NUMBER_OBJECT_CONVERSION = YES_AGGRESSIVE;
				CLANG_CXX_LANGUAGE_STANDARD = "gnu++20";
				CLANG_ENABLE_MODULES = YES;
				CLANG_ENABLE_OBJC_ARC = YES;
				CLANG_ENABLE_OBJC_WEAK = YES;
				CLANG_WARN_BLOCK_CAPTURE_AUTORELEASING = YES;
				CLANG_WARN_BOOL_CONVERSION = YES;
				CLANG_WARN_COMMA = YES;
				CLANG_WARN_CONSTANT_CONVERSION = YES;
				CLANG_WARN_DEPRECATED_OBJC_IMPLEMENTATIONS = YES;
				CLANG_WARN_DIRECT_OBJC_ISA_USAGE = YES_ERROR;
				CLANG_WARN_DOCUMENTATION_COMMENTS = YES;
				CLANG_WARN_EMPTY_BODY = YES;
				CLANG_WARN_ENUM_CONVERSION = YES;
				CLANG_WARN_INFINITE_RECURSION = YES;
				CLANG_WARN_INT_CONVERSION = YES;
				CLANG_WARN_NON_LITERAL_NULL_CONVERSION = YES;
				CLANG_WARN_OBJC_IMPLICIT_RETAIN_SELF = YES;
				CLANG_WARN_OBJC_LITERAL_CONVERSION = YES;
				CLANG_WARN_OBJC_ROOT_CLASS = YES_ERROR;
				CLANG_WARN_QUOTED_INCLUDE_IN_FRAMEWORK_HEADER = YES;
				CLANG_WARN_RANGE_LOOP_ANALYSIS = YES;
				CLANG_WARN_STRICT_PROTOTYPES = YES;
				CLANG_WARN_SUSPICIOUS_MOVE = YES;
				CLANG_WARN_UNGUARDED_AVAILABILITY = YES_AGGRESSIVE;
				CLANG_WARN_UNREACHABLE_CODE = YES;
				CLANG_WARN__DUPLICATE_METHOD_MATCH = YES;
				COPY_PHASE_STRIP = NO;
				DEBUG_INFORMATION_FORMAT = dwarf;
				ENABLE_STRICT_OBJC_MSGSEND = YES;
				ENABLE_TESTABILITY = YES;
				ENABLE_USER_SCRIPT_SANDBOXING = YES;
				GCC_C_LANGUAGE_STANDARD = gnu17;
				GCC_DYNAMIC_NO_PIC = NO;
				GCC_NO_COMMON_BLOCKS = YES;
				GCC_OPTIMIZATION_LEVEL = 0;
				GCC_PREPROCESSOR_DEFINITIONS = (
					"DEBUG=1",
					"$(inherited)",
				);
				GCC_WARN_64_TO_32_BIT_CONVERSION = YES;
				GCC_WARN_ABOUT_RETURN_TYPE = YES_ERROR;
				GCC_WARN_UNDECLARED_SELECTOR = YES;
				GCC_WARN_UNINITIALIZED_AUTOS = YES_AGGRESSIVE;
				GCC_WARN_UNUSED_FUNCTION = YES;
				GCC_WARN_UNUSED_VARIABLE = YES;
				IPHONEOS_DEPLOYMENT_TARGET = 17.5;
				LOCALIZATION_PREFERS_STRING_CATALOGS = YES;
				MTL_ENABLE_DEBUG_INFO = INCLUDE_SOURCE;
				MTL_FAST_MATH = YES;
				ONLY_ACTIVE_ARCH = YES;
				SDKROOT = iphoneos;
				SWIFT_ACTIVE_COMPILATION_CONDITIONS = "DEBUG $(inherited)";
				SWIFT_OPTIMIZATION_LEVEL = "-Onone";
			};
			name = Debug;
		};
		262F9AB42D09B75700AA7EA2 /* Release */ = {
			isa = XCBuildConfiguration;
			buildSettings = {
				ALWAYS_SEARCH_USER_PATHS = NO;
				ASSETCATALOG_COMPILER_GENERATE_SWIFT_ASSET_SYMBOL_EXTENSIONS = YES;
				CLANG_ANALYZER_NONNULL = YES;
				CLANG_ANALYZER_NUMBER_OBJECT_CONVERSION = YES_AGGRESSIVE;
				CLANG_CXX_LANGUAGE_STANDARD = "gnu++20";
				CLANG_ENABLE_MODULES = YES;
				CLANG_ENABLE_OBJC_ARC = YES;
				CLANG_ENABLE_OBJC_WEAK = YES;
				CLANG_WARN_BLOCK_CAPTURE_AUTORELEASING = YES;
				CLANG_WARN_BOOL_CONVERSION = YES;
				CLANG_WARN_COMMA = YES;
				CLANG_WARN_CONSTANT_CONVERSION = YES;
				CLANG_WARN_DEPRECATED_OBJC_IMPLEMENTATIONS = YES;
				CLANG_WARN_DIRECT_OBJC_ISA_USAGE = YES_ERROR;
				CLANG_WARN_DOCUMENTATION_COMMENTS = YES;
				CLANG_WARN_EMPTY_BODY = YES;
				CLANG_WARN_ENUM_CONVERSION = YES;
				CLANG_WARN_INFINITE_RECURSION = YES;
				CLANG_WARN_INT_CONVERSION = YES;
				CLANG_WARN_NON_LITERAL_NULL_CONVERSION = YES;
				CLANG_WARN_OBJC_IMPLICIT_RETAIN_SELF = YES;
				CLANG_WARN_OBJC_LITERAL_CONVERSION = YES;
				CLANG_WARN_OBJC_ROOT_CLASS = YES_ERROR;
				CLANG_WARN_QUOTED_INCLUDE_IN_FRAMEWORK_HEADER = YES;
				CLANG_WARN_RANGE_LOOP_ANALYSIS = YES;
				CLANG_WARN_STRICT_PROTOTYPES = YES;
				CLANG_WARN_SUSPICIOUS_MOVE = YES;
				CLANG_WARN_UNGUARDED_AVAILABILITY = YES_AGGRESSIVE;
				CLANG_WARN_UNREACHABLE_CODE = YES;
				CLANG_WARN__DUPLICATE_METHOD_MATCH = YES;
				COPY_PHASE_STRIP = NO;
				DEBUG_INFORMATION_FORMAT = "dwarf-with-dsym";
				ENABLE_NS_ASSERTIONS = NO;
				ENABLE_STRICT_OBJC_MSGSEND = YES;
				ENABLE_USER_SCRIPT_SANDBOXING = YES;
				GCC_C_LANGUAGE_STANDARD = gnu17;
				GCC_NO_COMMON_BLOCKS = YES;
				GCC_WARN_64_TO_32_BIT_CONVERSION = YES;
				GCC_WARN_ABOUT_RETURN_TYPE = YES_ERROR;
				GCC_WARN_UNDECLARED_SELECTOR = YES;
				GCC_WARN_UNINITIALIZED_AUTOS = YES_AGGRESSIVE;
				GCC_WARN_UNUSED_FUNCTION = YES;
				GCC_WARN_UNUSED_VARIABLE = YES;
				IPHONEOS_DEPLOYMENT_TARGET = 17.5;
				LOCALIZATION_PREFERS_STRING_CATALOGS = YES;
				MTL_ENABLE_DEBUG_INFO = NO;
				MTL_FAST_MATH = YES;
				SDKROOT = iphoneos;
				SWIFT_COMPILATION_MODE = wholemodule;
				VALIDATE_PRODUCT = YES;
			};
			name = Release;
		};
		262F9AB62D09B75700AA7EA2 /* Debug */ = {
			isa = XCBuildConfiguration;
			buildSettings = {
				ASSETCATALOG_COMPILER_APPICON_NAME = AppIcon;
				ASSETCATALOG_COMPILER_GLOBAL_ACCENT_COLOR_NAME = AccentColor;
				CODE_SIGN_STYLE = Automatic;
				CURRENT_PROJECT_VERSION = 1;
				DEVELOPMENT_TEAM = W35T2QAC67;
				GENERATE_INFOPLIST_FILE = YES;
				INFOPLIST_FILE = MMM_SideProject/Info.plist;
				INFOPLIST_KEY_UIApplicationSupportsIndirectInputEvents = YES;
				INFOPLIST_KEY_UILaunchStoryboardName = LaunchScreen;
				INFOPLIST_KEY_UIMainStoryboardFile = Main;
				INFOPLIST_KEY_UISupportedInterfaceOrientations = UIInterfaceOrientationPortrait;
				INFOPLIST_KEY_UISupportedInterfaceOrientations_iPad = "UIInterfaceOrientationLandscapeLeft UIInterfaceOrientationLandscapeRight UIInterfaceOrientationPortrait UIInterfaceOrientationPortraitUpsideDown";
				LD_RUNPATH_SEARCH_PATHS = (
					"$(inherited)",
					"@executable_path/Frameworks",
				);
				MARKETING_VERSION = 1.0;
				PRODUCT_BUNDLE_IDENTIFIER = "com.kanghun.MMM-SideProject";
				PRODUCT_NAME = "$(TARGET_NAME)";
				SUPPORTED_PLATFORMS = "iphoneos iphonesimulator";
				SUPPORTS_MACCATALYST = NO;
				SUPPORTS_MAC_DESIGNED_FOR_IPHONE_IPAD = NO;
				SUPPORTS_XR_DESIGNED_FOR_IPHONE_IPAD = NO;
				SWIFT_EMIT_LOC_STRINGS = YES;
				SWIFT_VERSION = 5.0;
				TARGETED_DEVICE_FAMILY = 1;
			};
			name = Debug;
		};
		262F9AB72D09B75700AA7EA2 /* Release */ = {
			isa = XCBuildConfiguration;
			buildSettings = {
				ASSETCATALOG_COMPILER_APPICON_NAME = AppIcon;
				ASSETCATALOG_COMPILER_GLOBAL_ACCENT_COLOR_NAME = AccentColor;
				CODE_SIGN_STYLE = Automatic;
				CURRENT_PROJECT_VERSION = 1;
				DEVELOPMENT_TEAM = W35T2QAC67;
				GENERATE_INFOPLIST_FILE = YES;
				INFOPLIST_FILE = MMM_SideProject/Info.plist;
				INFOPLIST_KEY_UIApplicationSupportsIndirectInputEvents = YES;
				INFOPLIST_KEY_UILaunchStoryboardName = LaunchScreen;
				INFOPLIST_KEY_UIMainStoryboardFile = Main;
				INFOPLIST_KEY_UISupportedInterfaceOrientations = UIInterfaceOrientationPortrait;
				INFOPLIST_KEY_UISupportedInterfaceOrientations_iPad = "UIInterfaceOrientationLandscapeLeft UIInterfaceOrientationLandscapeRight UIInterfaceOrientationPortrait UIInterfaceOrientationPortraitUpsideDown";
				LD_RUNPATH_SEARCH_PATHS = (
					"$(inherited)",
					"@executable_path/Frameworks",
				);
				MARKETING_VERSION = 1.0;
				PRODUCT_BUNDLE_IDENTIFIER = "com.kanghun.MMM-SideProject";
				PRODUCT_NAME = "$(TARGET_NAME)";
				SUPPORTED_PLATFORMS = "iphoneos iphonesimulator";
				SUPPORTS_MACCATALYST = NO;
				SUPPORTS_MAC_DESIGNED_FOR_IPHONE_IPAD = NO;
				SUPPORTS_XR_DESIGNED_FOR_IPHONE_IPAD = NO;
				SWIFT_EMIT_LOC_STRINGS = YES;
				SWIFT_VERSION = 5.0;
				TARGETED_DEVICE_FAMILY = 1;
			};
			name = Release;
		};
/* End XCBuildConfiguration section */

/* Begin XCConfigurationList section */
		262F9A9C2D09B75500AA7EA2 /* Build configuration list for PBXProject "MMM_SideProject" */ = {
			isa = XCConfigurationList;
			buildConfigurations = (
				262F9AB32D09B75700AA7EA2 /* Debug */,
				262F9AB42D09B75700AA7EA2 /* Release */,
			);
			defaultConfigurationIsVisible = 0;
			defaultConfigurationName = Release;
		};
		262F9AB52D09B75700AA7EA2 /* Build configuration list for PBXNativeTarget "MMM_SideProject" */ = {
			isa = XCConfigurationList;
			buildConfigurations = (
				262F9AB62D09B75700AA7EA2 /* Debug */,
				262F9AB72D09B75700AA7EA2 /* Release */,
			);
			defaultConfigurationIsVisible = 0;
			defaultConfigurationName = Release;
		};
/* End XCConfigurationList section */

/* Begin XCRemoteSwiftPackageReference section */
		267DDA6E2D315C5700F66CB8 /* XCRemoteSwiftPackageReference "RxSwift" */ = {
			isa = XCRemoteSwiftPackageReference;
			repositoryURL = "https://github.com/ReactiveX/RxSwift";
			requirement = {
				kind = upToNextMajorVersion;
				minimumVersion = 6.8.0;
			};
		};
		267DDA7A2D315C6B00F66CB8 /* XCRemoteSwiftPackageReference "realm-swift" */ = {
			isa = XCRemoteSwiftPackageReference;
			repositoryURL = "https://github.com/realm/realm-swift";
			requirement = {
				kind = exactVersion;
				version = 10.33.0;
			};
		};
		267DDB152D3BC09C00F66CB8 /* XCRemoteSwiftPackageReference "RxDataSources" */ = {
			isa = XCRemoteSwiftPackageReference;
			repositoryURL = "https://github.com/RxSwiftCommunity/RxDataSources";
			requirement = {
				kind = upToNextMajorVersion;
				minimumVersion = 5.0.2;
			};
		};
		267DDB242D3FBB5B00F66CB8 /* XCRemoteSwiftPackageReference "FSCalendar" */ = {
			isa = XCRemoteSwiftPackageReference;
			repositoryURL = "https://github.com/WenchaoD/FSCalendar.git";
			requirement = {
				kind = upToNextMajorVersion;
				minimumVersion = 2.8.4;
			};
		};
		267DDB772D76854F00F66CB8 /* XCRemoteSwiftPackageReference "Charts" */ = {
			isa = XCRemoteSwiftPackageReference;
			repositoryURL = "https://github.com/ChartsOrg/Charts";
			requirement = {
				kind = upToNextMajorVersion;
				minimumVersion = 5.1.0;
			};
		};
/* End XCRemoteSwiftPackageReference section */

/* Begin XCSwiftPackageProductDependency section */
		267DDA6F2D315C5700F66CB8 /* RxCocoa */ = {
			isa = XCSwiftPackageProductDependency;
			package = 267DDA6E2D315C5700F66CB8 /* XCRemoteSwiftPackageReference "RxSwift" */;
			productName = RxCocoa;
		};
		267DDA712D315C5700F66CB8 /* RxRelay */ = {
			isa = XCSwiftPackageProductDependency;
			package = 267DDA6E2D315C5700F66CB8 /* XCRemoteSwiftPackageReference "RxSwift" */;
			productName = RxRelay;
		};
		267DDA732D315C5700F66CB8 /* RxSwift */ = {
			isa = XCSwiftPackageProductDependency;
			package = 267DDA6E2D315C5700F66CB8 /* XCRemoteSwiftPackageReference "RxSwift" */;
			productName = RxSwift;
		};
		267DDB162D3BC09C00F66CB8 /* RxDataSources */ = {
			isa = XCSwiftPackageProductDependency;
			package = 267DDB152D3BC09C00F66CB8 /* XCRemoteSwiftPackageReference "RxDataSources" */;
			productName = RxDataSources;
		};
		267DDB182D3BC0B600F66CB8 /* Differentiator */ = {
			isa = XCSwiftPackageProductDependency;
			package = 267DDB152D3BC09C00F66CB8 /* XCRemoteSwiftPackageReference "RxDataSources" */;
			productName = Differentiator;
		};
		267DDB272D3FBB6900F66CB8 /* FSCalendar */ = {
			isa = XCSwiftPackageProductDependency;
			package = 267DDB242D3FBB5B00F66CB8 /* XCRemoteSwiftPackageReference "FSCalendar" */;
			productName = FSCalendar;
		};
		267DDB442D48AA7A00F66CB8 /* Realm */ = {
			isa = XCSwiftPackageProductDependency;
			package = 267DDA7A2D315C6B00F66CB8 /* XCRemoteSwiftPackageReference "realm-swift" */;
			productName = Realm;
		};
		267DDB462D48AA7A00F66CB8 /* RealmSwift */ = {
			isa = XCSwiftPackageProductDependency;
			package = 267DDA7A2D315C6B00F66CB8 /* XCRemoteSwiftPackageReference "realm-swift" */;
			productName = RealmSwift;
		};
		267DDB782D76854F00F66CB8 /* DGCharts */ = {
			isa = XCSwiftPackageProductDependency;
			package = 267DDB772D76854F00F66CB8 /* XCRemoteSwiftPackageReference "Charts" */;
			productName = DGCharts;
		};
/* End XCSwiftPackageProductDependency section */
	};
	rootObject = 262F9A992D09B75500AA7EA2 /* Project object */;
}
